# THIS IS AN AUTOGENERATED FILE. DO NOT EDIT THIS FILE DIRECTLY.
# yarn lockfile v1


"@dcloudio/uni-stat@^2.0.2-3090920231225001":
  version "2.0.2-3090920231225001"
  resolved "http://npm.xiaopeng.local:7001/@dcloudio/uni-stat/-/uni-stat-2.0.2-3090920231225001.tgz#3dff398cb383b5f724e912d6c825e1c6abc0f9d4"
  integrity sha512-dSH22fF9bRhxVQ8R4ka/a1wJufj6D7avmaVj9Uh4vKbfYJL0Pi0Z3UNSuZRTZzuQTBRgwCxY7MH+BhIV4JEVxA==

"@dcloudio/vue-cli-plugin-uni@^2.0.2-3090920231225001":
  version "2.0.2-3090920231225001"
  resolved "http://npm.xiaopeng.local:7001/@dcloudio/vue-cli-plugin-uni/-/vue-cli-plugin-uni-2.0.2-3090920231225001.tgz#3025cfcc934d3a5f5d27c6c1a3a6cf26ac221abc"
  integrity sha512-CDzmSGGLScd7TOtfQV9xl83B4Cq2sIeU0sL+yh63jR4xjkTPbn104gyyB02dXJRNolE1lni4qU/gikC3i18TKw==
  dependencies:
    "@dcloudio/uni-stat" "^2.0.2-3090920231225001"
    buffer-json "^2.0.0"
    clone-deep "^4.0.1"
    cross-env "^5.2.0"
    envinfo "^6.0.1"
    hash-sum "^1.0.2"
    loader-utils "^1.1.0"
    lru-cache "^4.1.2"
    mkdirp "^0.5.1"
    module-alias "^2.1.0"
    neo-async "^2.6.1"
    postcss-import "^12.0.1"
    postcss-selector-parser "^5.0.0"
    postcss-value-parser "^3.3.1"
    strip-json-comments "^2.0.1"
    update-check "^1.5.3"
    webpack-merge "^4.1.4"
    wrap-loader "^0.2.0"
    xregexp "4.0.0"

big.js@^5.2.2:
  version "5.2.2"
  resolved "http://npm.xiaopeng.local:7001/big.js/-/big.js-5.2.2.tgz#65f0af382f578bcdc742bd9c281e9cb2d7768328"
  integrity sha1-ZfCvOC9Xi83HQr2cKB6cstd2gyg=

buffer-json@^2.0.0:
  version "2.0.0"
  resolved "http://npm.xiaopeng.local:7001/buffer-json/-/buffer-json-2.0.0.tgz#f73e13b1e42f196fe2fd67d001c7d7107edd7c23"
  integrity sha1-9z4TseQvGW/i/WfQAcfXEH7dfCM=

clone-deep@^4.0.1:
  version "4.0.1"
  resolved "http://npm.xiaopeng.local:7001/clone-deep/-/clone-deep-4.0.1.tgz#c19fd9bdbbf85942b4fd979c84dcf7d5f07c2387"
  integrity sha1-wZ/Zvbv4WUK0/ZechNz31fB8I4c=
  dependencies:
    is-plain-object "^2.0.4"
    kind-of "^6.0.2"
    shallow-clone "^3.0.0"

cross-env@^5.2.0:
  version "5.2.1"
  resolved "http://npm.xiaopeng.local:7001/cross-env/-/cross-env-5.2.1.tgz#b2c76c1ca7add66dc874d11798466094f551b34d"
  integrity sha1-ssdsHKet1m3IdNEXmEZglPVRs00=
  dependencies:
    cross-spawn "^6.0.5"

cross-spawn@^6.0.5:
  version "6.0.5"
  resolved "http://npm.xiaopeng.local:7001/cross-spawn/-/cross-spawn-6.0.5.tgz#4a5ec7c64dfae22c3a14124dbacdee846d80cbc4"
  integrity sha1-Sl7Hxk364iw6FBJNus3uhG2Ay8Q=
  dependencies:
    nice-try "^1.0.4"
    path-key "^2.0.1"
    semver "^5.5.0"
    shebang-command "^1.2.0"
    which "^1.2.9"

cssesc@^2.0.0:
  version "2.0.0"
  resolved "http://npm.xiaopeng.local:7001/cssesc/-/cssesc-2.0.0.tgz#3b13bd1bb1cb36e1bcb5a4dcd27f54c5dcb35703"
  integrity sha512-MsCAG1z9lPdoO/IUMLSBWBSVxVtJ1395VGIQ+Fc2gNdkQ1hNDnQdw3YhA71WJCBW1vdwA0cAnk/DnW6bqoEUYg==

deep-extend@^0.6.0:
  version "0.6.0"
  resolved "http://npm.xiaopeng.local:7001/deep-extend/-/deep-extend-0.6.0.tgz#c4fa7c95404a17a9c3e8ca7e1537312b736330ac"
  integrity sha512-LOHxIOaPYdHlJRtCQfDIVZtfw/ufM8+rVj649RIHzcm/vGwQRXFt6OPqIFWsm2XEMrNIEtWR64sY1LEKD2vAOA==

emojis-list@^3.0.0:
  version "3.0.0"
  resolved "http://npm.xiaopeng.local:7001/emojis-list/-/emojis-list-3.0.0.tgz#5570662046ad29e2e916e71aae260abdff4f6a78"
  integrity sha1-VXBmIEatKeLpFucariYKvf9Pang=

envinfo@^6.0.1:
  version "6.0.1"
  resolved "http://npm.xiaopeng.local:7001/envinfo/-/envinfo-6.0.1.tgz#dec51f2dd38fb4a1fb5bf568488c06ad1e7e08a7"
  integrity sha1-3sUfLdOPtKH7W/VoSIwGrR5+CKc=

function-bind@^1.1.2:
  version "1.1.2"
  resolved "http://npm.xiaopeng.local:7001/function-bind/-/function-bind-1.1.2.tgz#2c02d864d97f3ea6c8830c464cbd11ab6eab7a1c"
  integrity sha512-7XHNxH7qX9xG5mIwxkhumTox/MIRNcOgDrxWsMt2pAr23WHp6MrRlN7FBSFpCpr+oVO0F744iUgR82nJMfG2SA==

hash-sum@^1.0.2:
  version "1.0.2"
  resolved "http://npm.xiaopeng.local:7001/hash-sum/-/hash-sum-1.0.2.tgz#33b40777754c6432573c120cc3808bbd10d47f04"
  integrity sha1-M7QHd3VMZDJXPBIMw4CLvRDUfwQ=

hasown@^2.0.0:
  version "2.0.1"
  resolved "http://npm.xiaopeng.local:7001/hasown/-/hasown-2.0.1.tgz#26f48f039de2c0f8d3356c223fb8d50253519faa"
  integrity sha512-1/th4MHjnwncwXsIW6QMzlvYL9kG5e/CpVvLRZe4XPa8TOUNbCELqmvhDmnkNsAjwaG4+I8gJJL0JBvTTLO9qA==
  dependencies:
    function-bind "^1.1.2"

indexes-of@^1.0.1:
  version "1.0.1"
  resolved "http://npm.xiaopeng.local:7001/indexes-of/-/indexes-of-1.0.1.tgz#f30f716c8e2bd346c7b67d3df3915566a7c05607"
  integrity sha1-8w9xbI4r00bHtn0985FVZqfAVgc=

ini@~1.3.0:
  version "1.3.8"
  resolved "http://npm.xiaopeng.local:7001/ini/-/ini-1.3.8.tgz#a29da425b48806f34767a4efce397269af28432c"
  integrity sha1-op2kJbSIBvNHZ6Tvzjlyaa8oQyw=

is-core-module@^2.13.0:
  version "2.13.1"
  resolved "http://npm.xiaopeng.local:7001/is-core-module/-/is-core-module-2.13.1.tgz#ad0d7532c6fea9da1ebdc82742d74525c6273384"
  integrity sha512-hHrIjvZsftOsvKSn2TRYl63zvxsgE0K+0mYMoH6gD4omR5IWB2KynivBQczo3+wF1cCkjzvptnI9Q0sPU66ilw==
  dependencies:
    hasown "^2.0.0"

is-plain-object@^2.0.4:
  version "2.0.4"
  resolved "http://npm.xiaopeng.local:7001/is-plain-object/-/is-plain-object-2.0.4.tgz#2c163b3fafb1b606d9d17928f05c2a1c38e07677"
  integrity sha1-LBY7P6+xtgbZ0Xko8FwqHDjgdnc=
  dependencies:
    isobject "^3.0.1"

isexe@^2.0.0:
  version "2.0.0"
  resolved "http://npm.xiaopeng.local:7001/isexe/-/isexe-2.0.0.tgz#e8fbf374dc556ff8947a10dcb0572d633f2cfa10"
  integrity sha1-6PvzdNxVb/iUehDcsFctYz8s+hA=

isobject@^3.0.1:
  version "3.0.1"
  resolved "http://npm.xiaopeng.local:7001/isobject/-/isobject-3.0.1.tgz#4e431e92b11a9731636aa1f9c8d1ccbcfdab78df"
  integrity sha1-TkMekrEalzFjaqH5yNHMvP2reN8=

json5@^1.0.1:
  version "1.0.2"
  resolved "http://npm.xiaopeng.local:7001/json5/-/json5-1.0.2.tgz#63d98d60f21b313b77c4d6da18bfa69d80e1d593"
  integrity sha512-g1MWMLBiz8FKi1e4w0UyVL3w+iJceWAFBAaBnnGKOpNa5f8TLktkbre1+s6oICydWAm+HRUGTmI+//xv2hvXYA==
  dependencies:
    minimist "^1.2.0"

kind-of@^6.0.2:
  version "6.0.3"
  resolved "http://npm.xiaopeng.local:7001/kind-of/-/kind-of-6.0.3.tgz#07c05034a6c349fa06e24fa35aa76db4580ce4dd"
  integrity sha1-B8BQNKbDSfoG4k+jWqdttFgM5N0=

loader-utils@^1.1.0:
  version "1.4.2"
  resolved "http://npm.xiaopeng.local:7001/loader-utils/-/loader-utils-1.4.2.tgz#29a957f3a63973883eb684f10ffd3d151fec01a3"
  integrity sha512-I5d00Pd/jwMD2QCduo657+YM/6L3KZu++pmX9VFncxaxvHcru9jx1lBaFft+r4Mt2jK0Yhp41XlRAihzPxHNCg==
  dependencies:
    big.js "^5.2.2"
    emojis-list "^3.0.0"
    json5 "^1.0.1"

lodash@^4.17.15:
  version "4.17.21"
  resolved "http://npm.xiaopeng.local:7001/lodash/-/lodash-4.17.21.tgz#679591c564c3bffaae8454cf0b3df370c3d6911c"
  integrity sha1-Z5WRxWTDv/quhFTPCz3zcMPWkRw=

lru-cache@^4.1.2:
  version "4.1.5"
  resolved "http://npm.xiaopeng.local:7001/lru-cache/-/lru-cache-4.1.5.tgz#8bbe50ea85bed59bc9e33dcab8235ee9bcf443cd"
  integrity sha1-i75Q6oW+1ZvJ4z3KuCNe6bz0Q80=
  dependencies:
    pseudomap "^1.0.2"
    yallist "^2.1.2"

minimist@^1.2.0, minimist@^1.2.6:
  version "1.2.8"
  resolved "http://npm.xiaopeng.local:7001/minimist/-/minimist-1.2.8.tgz#c1a464e7693302e082a075cee0c057741ac4772c"
  integrity sha512-2yyAR8qBkN3YuheJanUpWC5U3bb5osDywNB8RzDVlDwDHbocAJveqqj1u8+SVD7jkWT4yvsHCpWqqWqAxb0zCA==

mkdirp@^0.5.1:
  version "0.5.6"
  resolved "http://npm.xiaopeng.local:7001/mkdirp/-/mkdirp-0.5.6.tgz#7def03d2432dcae4ba1d611445c48396062255f6"
  integrity sha512-FP+p8RB8OWpF3YZBCrP5gtADmtXApB5AMLn+vdyA+PyxCjrCs00mjyUozssO33cwDeT3wNGdLxJ5M//YqtHAJw==
  dependencies:
    minimist "^1.2.6"

module-alias@^2.1.0:
  version "2.2.3"
  resolved "http://npm.xiaopeng.local:7001/module-alias/-/module-alias-2.2.3.tgz#ec2e85c68973bda6ab71ce7c93b763ec96053221"
  integrity sha512-23g5BFj4zdQL/b6tor7Ji+QY4pEfNH784BMslY9Qb0UnJWRAt+lQGLYmRaM0KDBwIG23ffEBELhZDP2rhi9f/Q==

neo-async@^2.6.1:
  version "2.6.2"
  resolved "http://npm.xiaopeng.local:7001/neo-async/-/neo-async-2.6.2.tgz#b4aafb93e3aeb2d8174ca53cf163ab7d7308305f"
  integrity sha1-tKr7k+OustgXTKU88WOrfXMIMF8=

nice-try@^1.0.4:
  version "1.0.5"
  resolved "http://npm.xiaopeng.local:7001/nice-try/-/nice-try-1.0.5.tgz#a3378a7696ce7d223e88fc9b764bd7ef1089e366"
  integrity sha512-1nh45deeb5olNY7eX82BkPO7SSxR5SSYJiPTrTdFUVYwAl8CKMA5N9PjTYkHiRjisVcxcQ1HXdLhx2qxxJzLNQ==

path-key@^2.0.1:
  version "2.0.1"
  resolved "http://npm.xiaopeng.local:7001/path-key/-/path-key-2.0.1.tgz#411cadb574c5a140d3a4b1910d40d80cc9f40b40"
  integrity sha1-QRyttXTFoUDTpLGRDUDYDMn0C0A=

path-parse@^1.0.7:
  version "1.0.7"
  resolved "http://npm.xiaopeng.local:7001/path-parse/-/path-parse-1.0.7.tgz#fbc114b60ca42b30d9daf5858e4bd68bbedb6735"
  integrity sha1-+8EUtgykKzDZ2vWFjkvWi77bZzU=

picocolors@^0.2.1:
  version "0.2.1"
  resolved "http://npm.xiaopeng.local:7001/picocolors/-/picocolors-0.2.1.tgz#570670f793646851d1ba135996962abad587859f"
  integrity sha512-cMlDqaLEqfSaW8Z7N5Jw+lyIW869EzT73/F5lhtY9cLGoVxSXznfgfXMO0Z5K0o0Q2TkTXq+0KFsdnSe3jDViA==

pify@^2.3.0:
  version "2.3.0"
  resolved "http://npm.xiaopeng.local:7001/pify/-/pify-2.3.0.tgz#ed141a6ac043a849ea588498e7dca8b15330e90c"
  integrity sha1-7RQaasBDqEnqWISY59yosVMw6Qw=

postcss-import@^12.0.1:
  version "12.0.1"
  resolved "http://npm.xiaopeng.local:7001/postcss-import/-/postcss-import-12.0.1.tgz#cf8c7ab0b5ccab5649024536e565f841928b7153"
  integrity sha1-z4x6sLXMq1ZJAkU25WX4QZKLcVM=
  dependencies:
    postcss "^7.0.1"
    postcss-value-parser "^3.2.3"
    read-cache "^1.0.0"
    resolve "^1.1.7"

postcss-selector-parser@^5.0.0:
  version "5.0.0"
  resolved "http://npm.xiaopeng.local:7001/postcss-selector-parser/-/postcss-selector-parser-5.0.0.tgz#249044356697b33b64f1a8f7c80922dddee7195c"
  integrity sha1-JJBENWaXsztk8aj3yAki3d7nGVw=
  dependencies:
    cssesc "^2.0.0"
    indexes-of "^1.0.1"
    uniq "^1.0.1"

postcss-value-parser@^3.2.3, postcss-value-parser@^3.3.1:
  version "3.3.1"
  resolved "http://npm.xiaopeng.local:7001/postcss-value-parser/-/postcss-value-parser-3.3.1.tgz#9ff822547e2893213cf1c30efa51ac5fd1ba8281"
  integrity sha1-n/giVH4okyE88cMO+lGsX9G6goE=

postcss@^7.0.1:
  version "7.0.39"
  resolved "http://npm.xiaopeng.local:7001/postcss/-/postcss-7.0.39.tgz#9624375d965630e2e1f2c02a935c82a59cb48309"
  integrity sha512-yioayjNbHn6z1/Bywyb2Y4s3yvDAeXGOyxqD+LnVOinq6Mdmd++SW2wUNVzavyyHxd6+DxzWGIuosg6P1Rj8uA==
  dependencies:
    picocolors "^0.2.1"
    source-map "^0.6.1"

pseudomap@^1.0.2:
  version "1.0.2"
  resolved "http://npm.xiaopeng.local:7001/pseudomap/-/pseudomap-1.0.2.tgz#f052a28da70e618917ef0a8ac34c1ae5a68286b3"
  integrity sha1-8FKijacOYYkX7wqKw0wa5aaChrM=

rc@^1.0.1, rc@^1.1.6:
  version "1.2.8"
  resolved "http://npm.xiaopeng.local:7001/rc/-/rc-1.2.8.tgz#cd924bf5200a075b83c188cd6b9e211b7fc0d3ed"
  integrity sha512-y3bGgqKj3QBdxLbLkomlohkvsA8gdAiUQlSBJnBhfn+BPxg4bc62d8TcBW15wavDfgexCgccckhcZvywyQYPOw==
  dependencies:
    deep-extend "^0.6.0"
    ini "~1.3.0"
    minimist "^1.2.0"
    strip-json-comments "~2.0.1"

read-cache@^1.0.0:
  version "1.0.0"
  resolved "http://npm.xiaopeng.local:7001/read-cache/-/read-cache-1.0.0.tgz#e664ef31161166c9751cdbe8dbcf86b5fb58f774"
  integrity sha1-5mTvMRYRZsl1HNvo28+GtftY93Q=
  dependencies:
    pify "^2.3.0"

registry-auth-token@3.3.2:
  version "3.3.2"
  resolved "http://npm.xiaopeng.local:7001/registry-auth-token/-/registry-auth-token-3.3.2.tgz#851fd49038eecb586911115af845260eec983f20"
  integrity sha512-JL39c60XlzCVgNrO+qq68FoNb56w/m7JYvGR2jT5iR1xBrUA3Mfx5Twk5rqTThPmQKMWydGmq8oFtDlxfrmxnQ==
  dependencies:
    rc "^1.1.6"
    safe-buffer "^5.0.1"

registry-url@3.1.0:
  version "3.1.0"
  resolved "http://npm.xiaopeng.local:7001/registry-url/-/registry-url-3.1.0.tgz#3d4ef870f73dde1d77f0cf9a381432444e174942"
  integrity sha1-PU74cPc93h138M+aOBQyRE4XSUI=
  dependencies:
    rc "^1.0.1"

resolve@^1.1.7:
  version "1.22.8"
  resolved "http://npm.xiaopeng.local:7001/resolve/-/resolve-1.22.8.tgz#b6c87a9f2aa06dfab52e3d70ac8cde321fa5a48d"
  integrity sha512-oKWePCxqpd6FlLvGV1VU0x7bkPmmCNolxzjMf4NczoDnQcIWrAF+cPtZn5i6n+RfD2d9i0tzpKnG6Yk168yIyw==
  dependencies:
    is-core-module "^2.13.0"
    path-parse "^1.0.7"
    supports-preserve-symlinks-flag "^1.0.0"

safe-buffer@^5.0.1:
  version "5.2.1"
  resolved "http://npm.xiaopeng.local:7001/safe-buffer/-/safe-buffer-5.2.1.tgz#1eaf9fa9bdb1fdd4ec75f58f9cdb4e6b7827eec6"
  integrity sha512-rp3So07KcdmmKbGvgaNxQSJr7bGVSVk5S9Eq1F+ppbRo70+YeaDxkw5Dd8NPN+GD6bjnYm2VuPuCXmpuYvmCXQ==

semver@^5.5.0:
  version "5.7.2"
  resolved "http://npm.xiaopeng.local:7001/semver/-/semver-5.7.2.tgz#48d55db737c3287cd4835e17fa13feace1c41ef8"
  integrity sha512-cBznnQ9KjJqU67B52RMC65CMarK2600WFnbkcaiwWq3xy/5haFJlshgnpjovMVJ+Hff49d8GEn0b87C5pDQ10g==

shallow-clone@^3.0.0:
  version "3.0.1"
  resolved "http://npm.xiaopeng.local:7001/shallow-clone/-/shallow-clone-3.0.1.tgz#8f2981ad92531f55035b01fb230769a40e02efa3"
  integrity sha1-jymBrZJTH1UDWwH7IwdppA4C76M=
  dependencies:
    kind-of "^6.0.2"

shebang-command@^1.2.0:
  version "1.2.0"
  resolved "http://npm.xiaopeng.local:7001/shebang-command/-/shebang-command-1.2.0.tgz#44aac65b695b03398968c39f363fee5deafdf1ea"
  integrity sha1-RKrGW2lbAzmJaMOfNj/uXer98eo=
  dependencies:
    shebang-regex "^1.0.0"

shebang-regex@^1.0.0:
  version "1.0.0"
  resolved "http://npm.xiaopeng.local:7001/shebang-regex/-/shebang-regex-1.0.0.tgz#da42f49740c0b42db2ca9728571cb190c98efea3"
  integrity sha1-2kL0l0DAtC2yypcoVxyxkMmO/qM=

source-map@^0.6.1:
  version "0.6.1"
  resolved "http://npm.xiaopeng.local:7001/source-map/-/source-map-0.6.1.tgz#74722af32e9614e9c287a8d0bbde48b5e2f1a263"
  integrity sha1-dHIq8y6WFOnCh6jQu95IteLxomM=

strip-json-comments@^2.0.1, strip-json-comments@~2.0.1:
  version "2.0.1"
  resolved "http://npm.xiaopeng.local:7001/strip-json-comments/-/strip-json-comments-2.0.1.tgz#3c531942e908c2697c0ec344858c286c7ca0a60a"
  integrity sha1-PFMZQukIwml8DsNEhYwobHygpgo=

supports-preserve-symlinks-flag@^1.0.0:
  version "1.0.0"
  resolved "http://npm.xiaopeng.local:7001/supports-preserve-symlinks-flag/-/supports-preserve-symlinks-flag-1.0.0.tgz#6eda4bd344a3c94aea376d4cc31bc77311039e09"
  integrity sha512-ot0WnXS9fgdkgIcePe6RHNk1WA8+muPa6cSjeR3V8K27q9BB1rTE3R1p7Hv0z1ZyAc8s6Vvv8DIyWf681MAt0w==

uniq@^1.0.1:
  version "1.0.1"
  resolved "http://npm.xiaopeng.local:7001/uniq/-/uniq-1.0.1.tgz#b31c5ae8254844a3a8281541ce2b04b865a734ff"
  integrity sha1-sxxa6CVIRKOoKBVBzisEuGWnNP8=

update-check@^1.5.3:
  version "1.5.4"
  resolved "http://npm.xiaopeng.local:7001/update-check/-/update-check-1.5.4.tgz#5b508e259558f1ad7dbc8b4b0457d4c9d28c8743"
  integrity sha1-W1COJZVY8a19vItLBFfUydKMh0M=
  dependencies:
    registry-auth-token "3.3.2"
    registry-url "3.1.0"

webpack-merge@^4.1.4:
  version "4.2.2"
  resolved "http://npm.xiaopeng.local:7001/webpack-merge/-/webpack-merge-4.2.2.tgz#a27c52ea783d1398afd2087f547d7b9d2f43634d"
  integrity sha1-onxS6ng9E5iv0gh/VH17nS9DY00=
  dependencies:
    lodash "^4.17.15"

which@^1.2.9:
  version "1.3.1"
  resolved "http://npm.xiaopeng.local:7001/which/-/which-1.3.1.tgz#a45043d54f5805316da8d62f9f50918d3da70b0a"
  integrity sha512-HxJdYWq1MTIQbJ3nw0cqssHoTNU267KlrDuGZ1WYlxDStUtKUhOaJmh112/TZmHxxUfuJqPXSOm7tDyas0OSIQ==
  dependencies:
    isexe "^2.0.0"

wrap-loader@^0.2.0:
  version "0.2.0"
  resolved "http://npm.xiaopeng.local:7001/wrap-loader/-/wrap-loader-0.2.0.tgz#8209f87ec80047a657a2adabbcfd62cfad7f0aae"
  integrity sha1-ggn4fsgAR6ZXoq2rvP1iz61/Cq4=
  dependencies:
    loader-utils "^1.1.0"

xregexp@4.0.0:
  version "4.0.0"
  resolved "http://npm.xiaopeng.local:7001/xregexp/-/xregexp-4.0.0.tgz#e698189de49dd2a18cc5687b05e17c8e43943020"
  integrity sha512-PHyM+sQouu7xspQQwELlGwwd05mXUFqwFYfqPO0cC7x4fxyHnnuetmQr6CjJiafIDoH4MogHb9dOoJzR/Y4rFg==

yallist@^2.1.2:
  version "2.1.2"
  resolved "http://npm.xiaopeng.local:7001/yallist/-/yallist-2.1.2.tgz#1c11f9218f076089a47dd512f93c6699a6a81d52"
  integrity sha1-HBH5IY8HYImkfdUS+TxmmaaoHVI=
